PODS:
  - Ads-CN-Beta/BUAdSDK (6.2.0.8)
  - Ads-CN-Beta/CSJMediation (6.2.0.8):
    - Ads-CN-Beta/BUAdSDK
  - Ads_OSET (0.0.1):
    - Ads-CN-Beta/BUAdSDK (~> 6.2.0.1)
    - Ads-CN-Beta/CSJMediation (~> 6.2.0.1)
    - Ads_OSET/KSAdSDK (= 0.0.1)
    - Ads_OSET/OSETSDK (= 0.0.1)
    - BaiduMobAdSDK (~> 5.36)
    - BeiZiSDK-iOS/BeiZiSDK-iOS (~> 4.90.4.8)
    - GDTMobSDK (~> 4.14.81)
    - OctopusSDK (~> 1.6.0.10)
    - SigmobAd-iOS (~> 4.13.0)
  - Ads_OSET/KSAdSDK (0.0.1):
    - Ads-CN-Beta/BUAdSDK (~> 6.2.0.1)
    - Ads-CN-Beta/CSJMediation (~> 6.2.0.1)
    - BaiduMobAdSDK (~> 5.36)
    - BeiZiSDK-iOS/BeiZiSDK-iOS (~> 4.90.4.8)
    - GDTMobSDK (~> 4.14.81)
    - OctopusSDK (~> 1.6.0.10)
    - SigmobAd-iOS (~> 4.13.0)
  - Ads_OSET/OSETSDK (0.0.1):
    - Ads-CN-Beta/BUAdSDK (~> 6.2.0.1)
    - Ads-CN-Beta/CSJMediation (~> 6.2.0.1)
    - BaiduMobAdSDK (~> 5.36)
    - BeiZiSDK-iOS/BeiZiSDK-iOS (~> 4.90.4.8)
    - GDTMobSDK (~> 4.14.81)
    - OctopusSDK (~> 1.6.0.10)
    - SigmobAd-iOS (~> 4.13.0)
  - BaiduMobAdSDK (5.361)
  - BeiZiSDK-iOS/BeiZiSDK-iOS (4.90.4.17)
  - GDTMobSDK (4.14.90):
    - GDTMobSDK/GDTMobSDK (= 4.14.90)
  - GDTMobSDK/GDTMobSDK (4.14.90)
  - OctopusSDK (1.6.0.13):
    - OctopusSDK/OctopusBaseSDK (= 1.6.0.13)
  - OctopusSDK/OctopusBaseSDK (1.6.0.13)
  - SigmobAd-iOS (4.13.0):
    - SigmobAd-iOS/WindSDK (= 4.13.0)
  - SigmobAd-iOS/WindSDK (4.13.0)

DEPENDENCIES:
  - Ads_OSET

SPEC REPOS:
  trunk:
    - Ads-CN-Beta
    - Ads_OSET
    - BaiduMobAdSDK
    - BeiZiSDK-iOS
    - GDTMobSDK
    - OctopusSDK
    - SigmobAd-iOS

SPEC CHECKSUMS:
  Ads-CN-Beta: 28d562ceecf0dfa07fc17119ba9a4550e55a2a49
  Ads_OSET: 24f8d90c00b0ba78aa337d51031d2218b285f2e7
  BaiduMobAdSDK: 1e960aefc0a06a3659a40b1605bfc31aeaa566fe
  BeiZiSDK-iOS: 22b6ec06e9964a39ac6b0a468fbb3809ad52cc21
  GDTMobSDK: cb7162e527f2db41f97786f3fb6498544d5d10e7
  OctopusSDK: e80c3397bc4fa3b8ec4fc6e5d30bd3f041f0d6cc
  SigmobAd-iOS: a813743e943bac18e19828e58c870fafe34478fa

PODFILE CHECKSUM: 74b3d00149382cb99a2de7f188572a58c0cfe33e

COCOAPODS: 1.15.2
